
Microsoft Visual Studio Solution File, Format Version 12.00
# Visual Studio Version 16
VisualStudioVersion = 16.0.31729.503
MinimumVisualStudioVersion = 10.0.40219.1
Project("{9A19103F-16F7-4668-BE54-9A1E7A4F7556}") = "WebDriverTestProject101", "WebDriverTestProject101\WebDriverTestProject101.csproj", "{D20D2FA2-A0BB-43CB-96DC-5750F6C7C908}"
EndProject
Project("{9A19103F-16F7-4668-BE54-9A1E7A4F7556}") = "WebDriverTestProject101.Core", "WebDriverTestProject101.Core\WebDriverTestProject101.Core.csproj", "{90367AE9-E37C-433C-B127-8B8E4DA8BE60}"
EndProject
Project("{FAE04EC0-301F-11D3-BF4B-00C04F79EFBC}") = "WebDriverTestProject101.Domain", "WebDriverTestProject101.Domain\WebDriverTestProject101.Domain.csproj", "{BB3560BB-5756-4111-BFB3-11026ADDD02D}"
EndProject
Global
	GlobalSection(SolutionConfigurationPlatforms) = preSolution
		Debug|Any CPU = Debug|Any CPU
		Release|Any CPU = Release|Any CPU
	EndGlobalSection
	GlobalSection(ProjectConfigurationPlatforms) = postSolution
		{D20D2FA2-A0BB-43CB-96DC-5750F6C7C908}.Debug|Any CPU.ActiveCfg = Debug|Any CPU
		{D20D2FA2-A0BB-43CB-96DC-5750F6C7C908}.Debug|Any CPU.Build.0 = Debug|Any CPU
		{D20D2FA2-A0BB-43CB-96DC-5750F6C7C908}.Release|Any CPU.ActiveCfg = Release|Any CPU
		{D20D2FA2-A0BB-43CB-96DC-5750F6C7C908}.Release|Any CPU.Build.0 = Release|Any CPU
		{90367AE9-E37C-433C-B127-8B8E4DA8BE60}.Debug|Any CPU.ActiveCfg = Debug|Any CPU
		{90367AE9-E37C-433C-B127-8B8E4DA8BE60}.Debug|Any CPU.Build.0 = Debug|Any CPU
		{90367AE9-E37C-433C-B127-8B8E4DA8BE60}.Release|Any CPU.ActiveCfg = Release|Any CPU
		{90367AE9-E37C-433C-B127-8B8E4DA8BE60}.Release|Any CPU.Build.0 = Release|Any CPU
		{BB3560BB-5756-4111-BFB3-11026ADDD02D}.Debug|Any CPU.ActiveCfg = Debug|Any CPU
		{BB3560BB-5756-4111-BFB3-11026ADDD02D}.Debug|Any CPU.Build.0 = Debug|Any CPU
		{BB3560BB-5756-4111-BFB3-11026ADDD02D}.Release|Any CPU.ActiveCfg = Release|Any CPU
		{BB3560BB-5756-4111-BFB3-11026ADDD02D}.Release|Any CPU.Build.0 = Release|Any CPU
	EndGlobalSection
	GlobalSection(SolutionProperties) = preSolution
		HideSolutionNode = FALSE
	EndGlobalSection
	GlobalSection(ExtensibilityGlobals) = postSolution
		SolutionGuid = {766E413E-51D4-4C3F-AAD5-DBEE15907D3C}
	EndGlobalSection
EndGlobal
